{
  "name": "@bit/tallyb.test.my-component",
  "version": "0.0.1",
  "lockfileVersion": 1,
  "requires": true,
  "dependencies": {
    "@bit/tallyb.test.utils": {
      "version": "0.0.1",
      "resolved": "https://node.bit.dev/tallyb.test.utils/-/tallyb.test.utils-0.0.1.tgz",
      "integrity": "sha1-Z0hg1cxaUs2xLpc4NEN5kJZ6XRw="
    },
    "@stencil/core": {
      "version": "1.8.6",
      "resolved": "https://registry.npmjs.org/@stencil/core/-/core-1.8.6.tgz",
      "integrity": "sha512-/xA71HVKG3aqfZdNTb55nXbgZUwgxrn4xwgj8kw3D7z1l0/Z5RuKUoOhnw3yW5IVArfuG3mZkbrt0GxvZlvQaQ==",
      "requires": {
        "typescript": "3.7.5"
      }
    },
    "typescript": {
      "version": "3.7.5",
      "resolved": "https://registry.npmjs.org/typescript/-/typescript-3.7.5.tgz",
      "integrity": "sha512-/P5lkRXkWHNAbcJIiHPfRoKqyd7bsyCma1hZNUGfn20qm64T6ZBlrzprymeu918H+mB/0rIg2gGK/BXkhhYgBw=="
    }
  }
}
